// !$*UTF8*$!
{
	archiveVersion = 1;
	classes = {
	};
	objectVersion = 55;
	objects = {

/* Begin PBXBuildFile section */
		5A234715F73F8B4BADA99123 /* Pods_HomeWorkTests.framework in Frameworks */ = {isa = PBXBuildFile; fileRef = BFF311999C96AF20BC18DE9E /* Pods_HomeWorkTests.framework */; };
		5B9B04C3A0737530498E3874 /* Pods_HomeWork_HomeWorkUITests.framework in Frameworks */ = {isa = PBXBuildFile; fileRef = 391D350B6FB19D56BB67E4D6 /* Pods_HomeWork_HomeWorkUITests.framework */; };
		680E6D8F29E3466800577749 /* ThirdViewController.swift in Sources */ = {isa = PBXBuildFile; fileRef = 680E6D8E29E3466800577749 /* ThirdViewController.swift */; };
		682D3BA02A16A89400076801 /* MainCircleController.swift in Sources */ = {isa = PBXBuildFile; fileRef = 682D3B9F2A16A89400076801 /* MainCircleController.swift */; };
		682D3BA22A16A8AE00076801 /* SecondCircleController.swift in Sources */ = {isa = PBXBuildFile; fileRef = 682D3BA12A16A8AE00076801 /* SecondCircleController.swift */; };
		682D3BA42A16A8C100076801 /* ThirdCircleController.swift in Sources */ = {isa = PBXBuildFile; fileRef = 682D3BA32A16A8C100076801 /* ThirdCircleController.swift */; };
		682D3BA62A16A8DF00076801 /* FourthCircleController.swift in Sources */ = {isa = PBXBuildFile; fileRef = 682D3BA52A16A8DF00076801 /* FourthCircleController.swift */; };
		682D3BA92A16BC6900076801 /* FiveBallController.swift in Sources */ = {isa = PBXBuildFile; fileRef = 682D3BA82A16BC6900076801 /* FiveBallController.swift */; };
		682D3BAB2A16BC8C00076801 /* FiveLittleBallController.swift in Sources */ = {isa = PBXBuildFile; fileRef = 682D3BAA2A16BC8C00076801 /* FiveLittleBallController.swift */; };
		683350E42AA883F000A2DD96 /* JsonViewController.swift in Sources */ = {isa = PBXBuildFile; fileRef = 683350E32AA883F000A2DD96 /* JsonViewController.swift */; };
		683350E62AA887BA00A2DD96 /* RawData.json in Resources */ = {isa = PBXBuildFile; fileRef = 683350E52AA887BA00A2DD96 /* RawData.json */; };
		683350E92AA8A37F00A2DD96 /* FilmViewController.swift in Sources */ = {isa = PBXBuildFile; fileRef = 683350E82AA8A37F00A2DD96 /* FilmViewController.swift */; };
		683350EC2AA8AF0700A2DD96 /* Results.swift in Sources */ = {isa = PBXBuildFile; fileRef = 683350EA2AA8AF0600A2DD96 /* Results.swift */; };
		683350ED2AA8AF0700A2DD96 /* FilmData.swift in Sources */ = {isa = PBXBuildFile; fileRef = 683350EB2AA8AF0600A2DD96 /* FilmData.swift */; };
		683350F12AA8B7B400A2DD96 /* FilmTableViewCell.swift in Sources */ = {isa = PBXBuildFile; fileRef = 683350EF2AA8B7B400A2DD96 /* FilmTableViewCell.swift */; };
		683350F22AA8B7B400A2DD96 /* FilmTableViewCell.xib in Resources */ = {isa = PBXBuildFile; fileRef = 683350F02AA8B7B400A2DD96 /* FilmTableViewCell.xib */; };
		683350F42AA8D1A900A2DD96 /* FotoViewController.swift in Sources */ = {isa = PBXBuildFile; fileRef = 683350F32AA8D1A900A2DD96 /* FotoViewController.swift */; };
		683350F82ABCAC2700A2DD96 /* UserViewController.swift in Sources */ = {isa = PBXBuildFile; fileRef = 683350F72ABCAC2700A2DD96 /* UserViewController.swift */; };
		683350FA2ABCB18900A2DD96 /* SettingsUsers.swift in Sources */ = {isa = PBXBuildFile; fileRef = 683350F92ABCB18900A2DD96 /* SettingsUsers.swift */; };
		686D270D296E06AC000F6718 /* AppDelegate.swift in Sources */ = {isa = PBXBuildFile; fileRef = 686D270C296E06AC000F6718 /* AppDelegate.swift */; };
		686D270F296E06AC000F6718 /* SceneDelegate.swift in Sources */ = {isa = PBXBuildFile; fileRef = 686D270E296E06AC000F6718 /* SceneDelegate.swift */; };
		686D2711296E06AC000F6718 /* FirstTask.swift in Sources */ = {isa = PBXBuildFile; fileRef = 686D2710296E06AC000F6718 /* FirstTask.swift */; };
		686D2714296E06AC000F6718 /* Main.storyboard in Resources */ = {isa = PBXBuildFile; fileRef = 686D2712296E06AC000F6718 /* Main.storyboard */; };
		686D2716296E06AE000F6718 /* Assets.xcassets in Resources */ = {isa = PBXBuildFile; fileRef = 686D2715296E06AE000F6718 /* Assets.xcassets */; };
		686D2719296E06AE000F6718 /* LaunchScreen.storyboard in Resources */ = {isa = PBXBuildFile; fileRef = 686D2717296E06AE000F6718 /* LaunchScreen.storyboard */; };
		686D2724296E06AE000F6718 /* HomeWorkTests.swift in Sources */ = {isa = PBXBuildFile; fileRef = 686D2723296E06AE000F6718 /* HomeWorkTests.swift */; };
		686D272E296E06AE000F6718 /* HomeWorkUITests.swift in Sources */ = {isa = PBXBuildFile; fileRef = 686D272D296E06AE000F6718 /* HomeWorkUITests.swift */; };
		686D2730296E06AE000F6718 /* HomeWorkUITestsLaunchTests.swift in Sources */ = {isa = PBXBuildFile; fileRef = 686D272F296E06AE000F6718 /* HomeWorkUITestsLaunchTests.swift */; };
		686D277A29A3F8DB000F6718 /* SecondTask.swift in Sources */ = {isa = PBXBuildFile; fileRef = 686D277929A3F8DB000F6718 /* SecondTask.swift */; };
		6872CFEC2A574E2D00DCC945 /* InstaViewController.swift in Sources */ = {isa = PBXBuildFile; fileRef = 6872CFEB2A574E2D00DCC945 /* InstaViewController.swift */; };
		6872CFEE2A574F6200DCC945 /* PostModel.swift in Sources */ = {isa = PBXBuildFile; fileRef = 6872CFED2A574F6200DCC945 /* PostModel.swift */; };
		6872CFF22A59B48D00DCC945 /* UsersTableViewCell.swift in Sources */ = {isa = PBXBuildFile; fileRef = 6872CFF02A59B48D00DCC945 /* UsersTableViewCell.swift */; };
		6872CFF32A59B48D00DCC945 /* UsersTableViewCell.xib in Resources */ = {isa = PBXBuildFile; fileRef = 6872CFF12A59B48D00DCC945 /* UsersTableViewCell.xib */; };
		689C36E52A55C56D00C34341 /* TableViewController.swift in Sources */ = {isa = PBXBuildFile; fileRef = 689C36E42A55C56D00C34341 /* TableViewController.swift */; };
		689C36E72A55CC6600C34341 /* InfoTableViewController.swift in Sources */ = {isa = PBXBuildFile; fileRef = 689C36E62A55CC6600C34341 /* InfoTableViewController.swift */; };
		68B1041B2A228A970007A2FB /* MonoViewController.swift in Sources */ = {isa = PBXBuildFile; fileRef = 68B1041A2A228A970007A2FB /* MonoViewController.swift */; };
		68B1041D2A228B130007A2FB /* CoursesUIView.swift in Sources */ = {isa = PBXBuildFile; fileRef = 68B1041C2A228B130007A2FB /* CoursesUIView.swift */; };
		68B1041F2A228B420007A2FB /* CoursesUIView.xib in Resources */ = {isa = PBXBuildFile; fileRef = 68B1041E2A228B420007A2FB /* CoursesUIView.xib */; };
		68B104212A229F190007A2FB /* ExtensionView.swift in Sources */ = {isa = PBXBuildFile; fileRef = 68B104202A229F190007A2FB /* ExtensionView.swift */; };
		68B104232A274D4F0007A2FB /* BlockUIView.swift in Sources */ = {isa = PBXBuildFile; fileRef = 68B104222A274D4F0007A2FB /* BlockUIView.swift */; };
		68B104252A274D690007A2FB /* BlockUIView.xib in Resources */ = {isa = PBXBuildFile; fileRef = 68B104242A274D690007A2FB /* BlockUIView.xib */; };
		A00A10C84EDB186FE7F3680B /* Pods_HomeWork.framework in Frameworks */ = {isa = PBXBuildFile; fileRef = 99464E311B076D8FF6D629CF /* Pods_HomeWork.framework */; };
/* End PBXBuildFile section */

/* Begin PBXContainerItemProxy section */
		686D2720296E06AE000F6718 /* PBXContainerItemProxy */ = {
			isa = PBXContainerItemProxy;
			containerPortal = 686D2701296E06AC000F6718 /* Project object */;
			proxyType = 1;
			remoteGlobalIDString = 686D2708296E06AC000F6718;
			remoteInfo = HomeWork;
		};
		686D272A296E06AE000F6718 /* PBXContainerItemProxy */ = {
			isa = PBXContainerItemProxy;
			containerPortal = 686D2701296E06AC000F6718 /* Project object */;
			proxyType = 1;
			remoteGlobalIDString = 686D2708296E06AC000F6718;
			remoteInfo = HomeWork;
		};
/* End PBXContainerItemProxy section */

/* Begin PBXFileReference section */
		391D350B6FB19D56BB67E4D6 /* Pods_HomeWork_HomeWorkUITests.framework */ = {isa = PBXFileReference; explicitFileType = wrapper.framework; includeInIndex = 0; path = Pods_HomeWork_HomeWorkUITests.framework; sourceTree = BUILT_PRODUCTS_DIR; };
		680E6D8E29E3466800577749 /* ThirdViewController.swift */ = {isa = PBXFileReference; lastKnownFileType = sourcecode.swift; path = ThirdViewController.swift; sourceTree = "<group>"; };
		682D3B9F2A16A89400076801 /* MainCircleController.swift */ = {isa = PBXFileReference; lastKnownFileType = sourcecode.swift; path = MainCircleController.swift; sourceTree = "<group>"; };
		682D3BA12A16A8AE00076801 /* SecondCircleController.swift */ = {isa = PBXFileReference; lastKnownFileType = sourcecode.swift; path = SecondCircleController.swift; sourceTree = "<group>"; };
		682D3BA32A16A8C100076801 /* ThirdCircleController.swift */ = {isa = PBXFileReference; lastKnownFileType = sourcecode.swift; path = ThirdCircleController.swift; sourceTree = "<group>"; };
		682D3BA52A16A8DF00076801 /* FourthCircleController.swift */ = {isa = PBXFileReference; lastKnownFileType = sourcecode.swift; path = FourthCircleController.swift; sourceTree = "<group>"; };
		682D3BA82A16BC6900076801 /* FiveBallController.swift */ = {isa = PBXFileReference; lastKnownFileType = sourcecode.swift; path = FiveBallController.swift; sourceTree = "<group>"; };
		682D3BAA2A16BC8C00076801 /* FiveLittleBallController.swift */ = {isa = PBXFileReference; lastKnownFileType = sourcecode.swift; path = FiveLittleBallController.swift; sourceTree = "<group>"; };
		683350E32AA883F000A2DD96 /* JsonViewController.swift */ = {isa = PBXFileReference; lastKnownFileType = sourcecode.swift; path = JsonViewController.swift; sourceTree = "<group>"; };
		683350E52AA887BA00A2DD96 /* RawData.json */ = {isa = PBXFileReference; lastKnownFileType = text.json; path = RawData.json; sourceTree = "<group>"; };
		683350E82AA8A37F00A2DD96 /* FilmViewController.swift */ = {isa = PBXFileReference; lastKnownFileType = sourcecode.swift; path = FilmViewController.swift; sourceTree = "<group>"; };
		683350EA2AA8AF0600A2DD96 /* Results.swift */ = {isa = PBXFileReference; fileEncoding = 4; lastKnownFileType = sourcecode.swift; path = Results.swift; sourceTree = "<group>"; };
		683350EB2AA8AF0600A2DD96 /* FilmData.swift */ = {isa = PBXFileReference; fileEncoding = 4; lastKnownFileType = sourcecode.swift; path = FilmData.swift; sourceTree = "<group>"; };
		683350EF2AA8B7B400A2DD96 /* FilmTableViewCell.swift */ = {isa = PBXFileReference; lastKnownFileType = sourcecode.swift; path = FilmTableViewCell.swift; sourceTree = "<group>"; };
		683350F02AA8B7B400A2DD96 /* FilmTableViewCell.xib */ = {isa = PBXFileReference; lastKnownFileType = file.xib; path = FilmTableViewCell.xib; sourceTree = "<group>"; };
		683350F32AA8D1A900A2DD96 /* FotoViewController.swift */ = {isa = PBXFileReference; lastKnownFileType = sourcecode.swift; path = FotoViewController.swift; sourceTree = "<group>"; };
		683350F72ABCAC2700A2DD96 /* UserViewController.swift */ = {isa = PBXFileReference; lastKnownFileType = sourcecode.swift; path = UserViewController.swift; sourceTree = "<group>"; };
		683350F92ABCB18900A2DD96 /* SettingsUsers.swift */ = {isa = PBXFileReference; lastKnownFileType = sourcecode.swift; path = SettingsUsers.swift; sourceTree = "<group>"; };
		686D2709296E06AC000F6718 /* HomeWork.app */ = {isa = PBXFileReference; explicitFileType = wrapper.application; includeInIndex = 0; path = HomeWork.app; sourceTree = BUILT_PRODUCTS_DIR; };
		686D270C296E06AC000F6718 /* AppDelegate.swift */ = {isa = PBXFileReference; lastKnownFileType = sourcecode.swift; path = AppDelegate.swift; sourceTree = "<group>"; };
		686D270E296E06AC000F6718 /* SceneDelegate.swift */ = {isa = PBXFileReference; lastKnownFileType = sourcecode.swift; path = SceneDelegate.swift; sourceTree = "<group>"; };
		686D2710296E06AC000F6718 /* FirstTask.swift */ = {isa = PBXFileReference; lastKnownFileType = sourcecode.swift; path = FirstTask.swift; sourceTree = "<group>"; };
		686D2713296E06AC000F6718 /* Base */ = {isa = PBXFileReference; lastKnownFileType = file.storyboard; name = Base; path = Base.lproj/Main.storyboard; sourceTree = "<group>"; };
		686D2715296E06AE000F6718 /* Assets.xcassets */ = {isa = PBXFileReference; lastKnownFileType = folder.assetcatalog; path = Assets.xcassets; sourceTree = "<group>"; };
		686D2718296E06AE000F6718 /* Base */ = {isa = PBXFileReference; lastKnownFileType = file.storyboard; name = Base; path = Base.lproj/LaunchScreen.storyboard; sourceTree = "<group>"; };
		686D271A296E06AE000F6718 /* Info.plist */ = {isa = PBXFileReference; lastKnownFileType = text.plist.xml; path = Info.plist; sourceTree = "<group>"; };
		686D271F296E06AE000F6718 /* HomeWorkTests.xctest */ = {isa = PBXFileReference; explicitFileType = wrapper.cfbundle; includeInIndex = 0; path = HomeWorkTests.xctest; sourceTree = BUILT_PRODUCTS_DIR; };
		686D2723296E06AE000F6718 /* HomeWorkTests.swift */ = {isa = PBXFileReference; lastKnownFileType = sourcecode.swift; path = HomeWorkTests.swift; sourceTree = "<group>"; };
		686D2729296E06AE000F6718 /* HomeWorkUITests.xctest */ = {isa = PBXFileReference; explicitFileType = wrapper.cfbundle; includeInIndex = 0; path = HomeWorkUITests.xctest; sourceTree = BUILT_PRODUCTS_DIR; };
		686D272D296E06AE000F6718 /* HomeWorkUITests.swift */ = {isa = PBXFileReference; lastKnownFileType = sourcecode.swift; path = HomeWorkUITests.swift; sourceTree = "<group>"; };
		686D272F296E06AE000F6718 /* HomeWorkUITestsLaunchTests.swift */ = {isa = PBXFileReference; lastKnownFileType = sourcecode.swift; path = HomeWorkUITestsLaunchTests.swift; sourceTree = "<group>"; };
		686D277929A3F8DB000F6718 /* SecondTask.swift */ = {isa = PBXFileReference; lastKnownFileType = sourcecode.swift; path = SecondTask.swift; sourceTree = "<group>"; };
		6872CFEB2A574E2D00DCC945 /* InstaViewController.swift */ = {isa = PBXFileReference; lastKnownFileType = sourcecode.swift; path = InstaViewController.swift; sourceTree = "<group>"; };
		6872CFED2A574F6200DCC945 /* PostModel.swift */ = {isa = PBXFileReference; lastKnownFileType = sourcecode.swift; path = PostModel.swift; sourceTree = "<group>"; };
		6872CFF02A59B48D00DCC945 /* UsersTableViewCell.swift */ = {isa = PBXFileReference; lastKnownFileType = sourcecode.swift; path = UsersTableViewCell.swift; sourceTree = "<group>"; };
		6872CFF12A59B48D00DCC945 /* UsersTableViewCell.xib */ = {isa = PBXFileReference; lastKnownFileType = file.xib; path = UsersTableViewCell.xib; sourceTree = "<group>"; };
		689C36E42A55C56D00C34341 /* TableViewController.swift */ = {isa = PBXFileReference; lastKnownFileType = sourcecode.swift; path = TableViewController.swift; sourceTree = "<group>"; };
		689C36E62A55CC6600C34341 /* InfoTableViewController.swift */ = {isa = PBXFileReference; lastKnownFileType = sourcecode.swift; path = InfoTableViewController.swift; sourceTree = "<group>"; };
		68B1041A2A228A970007A2FB /* MonoViewController.swift */ = {isa = PBXFileReference; lastKnownFileType = sourcecode.swift; path = MonoViewController.swift; sourceTree = "<group>"; };
		68B1041C2A228B130007A2FB /* CoursesUIView.swift */ = {isa = PBXFileReference; lastKnownFileType = sourcecode.swift; path = CoursesUIView.swift; sourceTree = "<group>"; };
		68B1041E2A228B420007A2FB /* CoursesUIView.xib */ = {isa = PBXFileReference; lastKnownFileType = file.xib; path = CoursesUIView.xib; sourceTree = "<group>"; };
		68B104202A229F190007A2FB /* ExtensionView.swift */ = {isa = PBXFileReference; lastKnownFileType = sourcecode.swift; path = ExtensionView.swift; sourceTree = "<group>"; };
		68B104222A274D4F0007A2FB /* BlockUIView.swift */ = {isa = PBXFileReference; lastKnownFileType = sourcecode.swift; path = BlockUIView.swift; sourceTree = "<group>"; };
		68B104242A274D690007A2FB /* BlockUIView.xib */ = {isa = PBXFileReference; lastKnownFileType = file.xib; path = BlockUIView.xib; sourceTree = "<group>"; };
		84E6ADE7A99C3B50B78D1CA4 /* Pods-HomeWork-HomeWorkUITests.release.xcconfig */ = {isa = PBXFileReference; includeInIndex = 1; lastKnownFileType = text.xcconfig; name = "Pods-HomeWork-HomeWorkUITests.release.xcconfig"; path = "Target Support Files/Pods-HomeWork-HomeWorkUITests/Pods-HomeWork-HomeWorkUITests.release.xcconfig"; sourceTree = "<group>"; };
		922A6BC29B4D74C9B4FC8697 /* Pods-HomeWork.debug.xcconfig */ = {isa = PBXFileReference; includeInIndex = 1; lastKnownFileType = text.xcconfig; name = "Pods-HomeWork.debug.xcconfig"; path = "Target Support Files/Pods-HomeWork/Pods-HomeWork.debug.xcconfig"; sourceTree = "<group>"; };
		95E9C8DD70EC932F31862EB2 /* Pods-HomeWorkTests.debug.xcconfig */ = {isa = PBXFileReference; includeInIndex = 1; lastKnownFileType = text.xcconfig; name = "Pods-HomeWorkTests.debug.xcconfig"; path = "Target Support Files/Pods-HomeWorkTests/Pods-HomeWorkTests.debug.xcconfig"; sourceTree = "<group>"; };
		99464E311B076D8FF6D629CF /* Pods_HomeWork.framework */ = {isa = PBXFileReference; explicitFileType = wrapper.framework; includeInIndex = 0; path = Pods_HomeWork.framework; sourceTree = BUILT_PRODUCTS_DIR; };
		B6DECCF3A480FB1F1CB339E8 /* Pods-HomeWorkTests.release.xcconfig */ = {isa = PBXFileReference; includeInIndex = 1; lastKnownFileType = text.xcconfig; name = "Pods-HomeWorkTests.release.xcconfig"; path = "Target Support Files/Pods-HomeWorkTests/Pods-HomeWorkTests.release.xcconfig"; sourceTree = "<group>"; };
		BFF311999C96AF20BC18DE9E /* Pods_HomeWorkTests.framework */ = {isa = PBXFileReference; explicitFileType = wrapper.framework; includeInIndex = 0; path = Pods_HomeWorkTests.framework; sourceTree = BUILT_PRODUCTS_DIR; };
		F2B73D26107E5BB39EC574C5 /* Pods-HomeWork.release.xcconfig */ = {isa = PBXFileReference; includeInIndex = 1; lastKnownFileType = text.xcconfig; name = "Pods-HomeWork.release.xcconfig"; path = "Target Support Files/Pods-HomeWork/Pods-HomeWork.release.xcconfig"; sourceTree = "<group>"; };
		F9529EA61306C296B7EFC47C /* Pods-HomeWork-HomeWorkUITests.debug.xcconfig */ = {isa = PBXFileReference; includeInIndex = 1; lastKnownFileType = text.xcconfig; name = "Pods-HomeWork-HomeWorkUITests.debug.xcconfig"; path = "Target Support Files/Pods-HomeWork-HomeWorkUITests/Pods-HomeWork-HomeWorkUITests.debug.xcconfig"; sourceTree = "<group>"; };
/* End PBXFileReference section */

/* Begin PBXFrameworksBuildPhase section */
		686D2706296E06AC000F6718 /* Frameworks */ = {
			isa = PBXFrameworksBuildPhase;
			buildActionMask = 2147483647;
			files = (
				A00A10C84EDB186FE7F3680B /* Pods_HomeWork.framework in Frameworks */,
			);
			runOnlyForDeploymentPostprocessing = 0;
		};
		686D271C296E06AE000F6718 /* Frameworks */ = {
			isa = PBXFrameworksBuildPhase;
			buildActionMask = 2147483647;
			files = (
				5A234715F73F8B4BADA99123 /* Pods_HomeWorkTests.framework in Frameworks */,
			);
			runOnlyForDeploymentPostprocessing = 0;
		};
		686D2726296E06AE000F6718 /* Frameworks */ = {
			isa = PBXFrameworksBuildPhase;
			buildActionMask = 2147483647;
			files = (
				5B9B04C3A0737530498E3874 /* Pods_HomeWork_HomeWorkUITests.framework in Frameworks */,
			);
			runOnlyForDeploymentPostprocessing = 0;
		};
/* End PBXFrameworksBuildPhase section */

/* Begin PBXGroup section */
		20BB50E42FE55F412A2524FC /* Pods */ = {
			isa = PBXGroup;
			children = (
				922A6BC29B4D74C9B4FC8697 /* Pods-HomeWork.debug.xcconfig */,
				F2B73D26107E5BB39EC574C5 /* Pods-HomeWork.release.xcconfig */,
				F9529EA61306C296B7EFC47C /* Pods-HomeWork-HomeWorkUITests.debug.xcconfig */,
				84E6ADE7A99C3B50B78D1CA4 /* Pods-HomeWork-HomeWorkUITests.release.xcconfig */,
				95E9C8DD70EC932F31862EB2 /* Pods-HomeWorkTests.debug.xcconfig */,
				B6DECCF3A480FB1F1CB339E8 /* Pods-HomeWorkTests.release.xcconfig */,
			);
			path = Pods;
			sourceTree = "<group>";
		};
		3AEEE1BBA2FE8BEEDC821081 /* Frameworks */ = {
			isa = PBXGroup;
			children = (
				99464E311B076D8FF6D629CF /* Pods_HomeWork.framework */,
				391D350B6FB19D56BB67E4D6 /* Pods_HomeWork_HomeWorkUITests.framework */,
				BFF311999C96AF20BC18DE9E /* Pods_HomeWorkTests.framework */,
			);
			name = Frameworks;
			sourceTree = "<group>";
		};
		680E6D8D29E3464100577749 /* ThirdTask */ = {
			isa = PBXGroup;
			children = (
				680E6D8E29E3466800577749 /* ThirdViewController.swift */,
			);
			path = ThirdTask;
			sourceTree = "<group>";
		};
		682D3BA72A16BC4B00076801 /* FiveTask */ = {
			isa = PBXGroup;
			children = (
				682D3BA82A16BC6900076801 /* FiveBallController.swift */,
				682D3BAA2A16BC8C00076801 /* FiveLittleBallController.swift */,
			);
			path = FiveTask;
			sourceTree = "<group>";
		};
		682D3BAC2A1BFFAB00076801 /* SixTask */ = {
			isa = PBXGroup;
			children = (
				68B1041A2A228A970007A2FB /* MonoViewController.swift */,
				68B1041C2A228B130007A2FB /* CoursesUIView.swift */,
				68B1041E2A228B420007A2FB /* CoursesUIView.xib */,
				68B104202A229F190007A2FB /* ExtensionView.swift */,
				68B104222A274D4F0007A2FB /* BlockUIView.swift */,
				68B104242A274D690007A2FB /* BlockUIView.xib */,
			);
			path = SixTask;
			sourceTree = "<group>";
		};
		683350E22AA883D500A2DD96 /* NineTask */ = {
			isa = PBXGroup;
			children = (
				683350E32AA883F000A2DD96 /* JsonViewController.swift */,
				683350E52AA887BA00A2DD96 /* RawData.json */,
			);
			path = NineTask;
			sourceTree = "<group>";
		};
		683350E72AA8A36A00A2DD96 /* NineTaskTwo */ = {
			isa = PBXGroup;
			children = (
				683350EE2AA8AF0A00A2DD96 /* ModelsForNineTask */,
				683350E82AA8A37F00A2DD96 /* FilmViewController.swift */,
				683350EF2AA8B7B400A2DD96 /* FilmTableViewCell.swift */,
				683350F02AA8B7B400A2DD96 /* FilmTableViewCell.xib */,
			);
			path = NineTaskTwo;
			sourceTree = "<group>";
		};
		683350EE2AA8AF0A00A2DD96 /* ModelsForNineTask */ = {
			isa = PBXGroup;
			children = (
				683350EB2AA8AF0600A2DD96 /* FilmData.swift */,
				683350EA2AA8AF0600A2DD96 /* Results.swift */,
			);
			path = ModelsForNineTask;
			sourceTree = "<group>";
		};
		683350F52AA8D1B200A2DD96 /* TenTask */ = {
			isa = PBXGroup;
			children = (
				683350F32AA8D1A900A2DD96 /* FotoViewController.swift */,
			);
			path = TenTask;
			sourceTree = "<group>";
		};
		683350F62ABCAC1400A2DD96 /* UserDefaults */ = {
			isa = PBXGroup;
			children = (
				683350F72ABCAC2700A2DD96 /* UserViewController.swift */,
				683350F92ABCB18900A2DD96 /* SettingsUsers.swift */,
			);
			path = UserDefaults;
			sourceTree = "<group>";
		};
		6864AD9C2A16A73D009EEB82 /* FourTask */ = {
			isa = PBXGroup;
			children = (
				682D3B9F2A16A89400076801 /* MainCircleController.swift */,
				682D3BA12A16A8AE00076801 /* SecondCircleController.swift */,
				682D3BA32A16A8C100076801 /* ThirdCircleController.swift */,
				682D3BA52A16A8DF00076801 /* FourthCircleController.swift */,
			);
			path = FourTask;
			sourceTree = "<group>";
		};
		686D2700296E06AC000F6718 = {
			isa = PBXGroup;
			children = (
				686D270B296E06AC000F6718 /* HomeWork */,
				686D2722296E06AE000F6718 /* HomeWorkTests */,
				686D272C296E06AE000F6718 /* HomeWorkUITests */,
				686D270A296E06AC000F6718 /* Products */,
				20BB50E42FE55F412A2524FC /* Pods */,
				3AEEE1BBA2FE8BEEDC821081 /* Frameworks */,
			);
			sourceTree = "<group>";
		};
		686D270A296E06AC000F6718 /* Products */ = {
			isa = PBXGroup;
			children = (
				686D2709296E06AC000F6718 /* HomeWork.app */,
				686D271F296E06AE000F6718 /* HomeWorkTests.xctest */,
				686D2729296E06AE000F6718 /* HomeWorkUITests.xctest */,
			);
			name = Products;
			sourceTree = "<group>";
		};
		686D270B296E06AC000F6718 /* HomeWork */ = {
			isa = PBXGroup;
			children = (
				683350F62ABCAC1400A2DD96 /* UserDefaults */,
				683350F52AA8D1B200A2DD96 /* TenTask */,
				683350E72AA8A36A00A2DD96 /* NineTaskTwo */,
				683350E22AA883D500A2DD96 /* NineTask */,
				6872CFEA2A574DE700DCC945 /* EightTask */,
				689C36E32A55C50300C34341 /* SevenTask */,
				682D3BAC2A1BFFAB00076801 /* SixTask */,
				682D3BA72A16BC4B00076801 /* FiveTask */,
				6864AD9C2A16A73D009EEB82 /* FourTask */,
				680E6D8D29E3464100577749 /* ThirdTask */,
				686D277C29CB738D000F6718 /* SecondTask */,
				686D277B29CB7377000F6718 /* FirstTask */,
				686D273C296E0C46000F6718 /* Standard */,
				686D2712296E06AC000F6718 /* Main.storyboard */,
				686D271A296E06AE000F6718 /* Info.plist */,
			);
			path = HomeWork;
			sourceTree = "<group>";
		};
		686D2722296E06AE000F6718 /* HomeWorkTests */ = {
			isa = PBXGroup;
			children = (
				686D2723296E06AE000F6718 /* HomeWorkTests.swift */,
			);
			path = HomeWorkTests;
			sourceTree = "<group>";
		};
		686D272C296E06AE000F6718 /* HomeWorkUITests */ = {
			isa = PBXGroup;
			children = (
				686D272D296E06AE000F6718 /* HomeWorkUITests.swift */,
				686D272F296E06AE000F6718 /* HomeWorkUITestsLaunchTests.swift */,
			);
			path = HomeWorkUITests;
			sourceTree = "<group>";
		};
		686D273C296E0C46000F6718 /* Standard */ = {
			isa = PBXGroup;
			children = (
				686D2715296E06AE000F6718 /* Assets.xcassets */,
				686D270C296E06AC000F6718 /* AppDelegate.swift */,
				686D2717296E06AE000F6718 /* LaunchScreen.storyboard */,
				686D270E296E06AC000F6718 /* SceneDelegate.swift */,
			);
			path = Standard;
			sourceTree = "<group>";
		};
		686D277B29CB7377000F6718 /* FirstTask */ = {
			isa = PBXGroup;
			children = (
				686D2710296E06AC000F6718 /* FirstTask.swift */,
			);
			path = FirstTask;
			sourceTree = "<group>";
		};
		686D277C29CB738D000F6718 /* SecondTask */ = {
			isa = PBXGroup;
			children = (
				686D277929A3F8DB000F6718 /* SecondTask.swift */,
			);
			path = SecondTask;
			sourceTree = "<group>";
		};
		6872CFEA2A574DE700DCC945 /* EightTask */ = {
			isa = PBXGroup;
			children = (
				6872CFEB2A574E2D00DCC945 /* InstaViewController.swift */,
				6872CFED2A574F6200DCC945 /* PostModel.swift */,
				6872CFF02A59B48D00DCC945 /* UsersTableViewCell.swift */,
				6872CFF12A59B48D00DCC945 /* UsersTableViewCell.xib */,
			);
			path = EightTask;
			sourceTree = "<group>";
		};
		689C36E32A55C50300C34341 /* SevenTask */ = {
			isa = PBXGroup;
			children = (
				689C36E42A55C56D00C34341 /* TableViewController.swift */,
				689C36E62A55CC6600C34341 /* InfoTableViewController.swift */,
			);
			path = SevenTask;
			sourceTree = "<group>";
		};
/* End PBXGroup section */

/* Begin PBXNativeTarget section */
		686D2708296E06AC000F6718 /* HomeWork */ = {
			isa = PBXNativeTarget;
			buildConfigurationList = 686D2733296E06AE000F6718 /* Build configuration list for PBXNativeTarget "HomeWork" */;
			buildPhases = (
				C69EEFD31A06C471484CFF92 /* [CP] Check Pods Manifest.lock */,
				686D2705296E06AC000F6718 /* Sources */,
				686D2706296E06AC000F6718 /* Frameworks */,
				686D2707296E06AC000F6718 /* Resources */,
				1C9058EF94FE74A4FF533409 /* [CP] Embed Pods Frameworks */,
			);
			buildRules = (
			);
			dependencies = (
			);
			name = HomeWork;
			productName = HomeWork;
			productReference = 686D2709296E06AC000F6718 /* HomeWork.app */;
			productType = "com.apple.product-type.application";
		};
		686D271E296E06AE000F6718 /* HomeWorkTests */ = {
			isa = PBXNativeTarget;
			buildConfigurationList = 686D2736296E06AE000F6718 /* Build configuration list for PBXNativeTarget "HomeWorkTests" */;
			buildPhases = (
				02D90FF088CA3C7977A0EB6F /* [CP] Check Pods Manifest.lock */,
				686D271B296E06AE000F6718 /* Sources */,
				686D271C296E06AE000F6718 /* Frameworks */,
				686D271D296E06AE000F6718 /* Resources */,
			);
			buildRules = (
			);
			dependencies = (
				686D2721296E06AE000F6718 /* PBXTargetDependency */,
			);
			name = HomeWorkTests;
			productName = HomeWorkTests;
			productReference = 686D271F296E06AE000F6718 /* HomeWorkTests.xctest */;
			productType = "com.apple.product-type.bundle.unit-test";
		};
		686D2728296E06AE000F6718 /* HomeWorkUITests */ = {
			isa = PBXNativeTarget;
			buildConfigurationList = 686D2739296E06AE000F6718 /* Build configuration list for PBXNativeTarget "HomeWorkUITests" */;
			buildPhases = (
				FF1F9825AB9C276F2E1A4C31 /* [CP] Check Pods Manifest.lock */,
				686D2725296E06AE000F6718 /* Sources */,
				686D2726296E06AE000F6718 /* Frameworks */,
				686D2727296E06AE000F6718 /* Resources */,
				4E32092508EC8269DAB8BDF0 /* [CP] Embed Pods Frameworks */,
			);
			buildRules = (
			);
			dependencies = (
				686D272B296E06AE000F6718 /* PBXTargetDependency */,
			);
			name = HomeWorkUITests;
			productName = HomeWorkUITests;
			productReference = 686D2729296E06AE000F6718 /* HomeWorkUITests.xctest */;
			productType = "com.apple.product-type.bundle.ui-testing";
		};
/* End PBXNativeTarget section */

/* Begin PBXProject section */
		686D2701296E06AC000F6718 /* Project object */ = {
			isa = PBXProject;
			attributes = {
				BuildIndependentTargetsInParallel = 1;
				LastSwiftUpdateCheck = 1340;
				LastUpgradeCheck = 1340;
				TargetAttributes = {
					686D2708296E06AC000F6718 = {
						CreatedOnToolsVersion = 13.4.1;
					};
					686D271E296E06AE000F6718 = {
						CreatedOnToolsVersion = 13.4.1;
						TestTargetID = 686D2708296E06AC000F6718;
					};
					686D2728296E06AE000F6718 = {
						CreatedOnToolsVersion = 13.4.1;
						TestTargetID = 686D2708296E06AC000F6718;
					};
				};
			};
			buildConfigurationList = 686D2704296E06AC000F6718 /* Build configuration list for PBXProject "HomeWork" */;
			compatibilityVersion = "Xcode 13.0";
			developmentRegion = en;
			hasScannedForEncodings = 0;
			knownRegions = (
				en,
				Base,
			);
			mainGroup = 686D2700296E06AC000F6718;
			productRefGroup = 686D270A296E06AC000F6718 /* Products */;
			projectDirPath = "";
			projectRoot = "";
			targets = (
				686D2708296E06AC000F6718 /* HomeWork */,
				686D271E296E06AE000F6718 /* HomeWorkTests */,
				686D2728296E06AE000F6718 /* HomeWorkUITests */,
			);
		};
/* End PBXProject section */

/* Begin PBXResourcesBuildPhase section */
		686D2707296E06AC000F6718 /* Resources */ = {
			isa = PBXResourcesBuildPhase;
			buildActionMask = 2147483647;
			files = (
				686D2719296E06AE000F6718 /* LaunchScreen.storyboard in Resources */,
				683350F22AA8B7B400A2DD96 /* FilmTableViewCell.xib in Resources */,
				683350E62AA887BA00A2DD96 /* RawData.json in Resources */,
				686D2716296E06AE000F6718 /* Assets.xcassets in Resources */,
				6872CFF32A59B48D00DCC945 /* UsersTableViewCell.xib in Resources */,
				686D2714296E06AC000F6718 /* Main.storyboard in Resources */,
				68B104252A274D690007A2FB /* BlockUIView.xib in Resources */,
				68B1041F2A228B420007A2FB /* CoursesUIView.xib in Resources */,
			);
			runOnlyForDeploymentPostprocessing = 0;
		};
		686D271D296E06AE000F6718 /* Resources */ = {
			isa = PBXResourcesBuildPhase;
			buildActionMask = 2147483647;
			files = (
			);
			runOnlyForDeploymentPostprocessing = 0;
		};
		686D2727296E06AE000F6718 /* Resources */ = {
			isa = PBXResourcesBuildPhase;
			buildActionMask = 2147483647;
			files = (
			);
			runOnlyForDeploymentPostprocessing = 0;
		};
/* End PBXResourcesBuildPhase section */

/* Begin PBXShellScriptBuildPhase section */
		02D90FF088CA3C7977A0EB6F /* [CP] Check Pods Manifest.lock */ = {
			isa = PBXShellScriptBuildPhase;
			buildActionMask = 2147483647;
			files = (
			);
			inputFileListPaths = (
			);
			inputPaths = (
				"${PODS_PODFILE_DIR_PATH}/Podfile.lock",
				"${PODS_ROOT}/Manifest.lock",
			);
			name = "[CP] Check Pods Manifest.lock";
			outputFileListPaths = (
			);
			outputPaths = (
				"$(DERIVED_FILE_DIR)/Pods-HomeWorkTests-checkManifestLockResult.txt",
			);
			runOnlyForDeploymentPostprocessing = 0;
			shellPath = /bin/sh;
			shellScript = "diff \"${PODS_PODFILE_DIR_PATH}/Podfile.lock\" \"${PODS_ROOT}/Manifest.lock\" > /dev/null\nif [ $? != 0 ] ; then\n    # print error to STDERR\n    echo \"error: The sandbox is not in sync with the Podfile.lock. Run 'pod install' or update your CocoaPods installation.\" >&2\n    exit 1\nfi\n# This output is used by Xcode 'outputs' to avoid re-running this script phase.\necho \"SUCCESS\" > \"${SCRIPT_OUTPUT_FILE_0}\"\n";
			showEnvVarsInLog = 0;
		};
		1C9058EF94FE74A4FF533409 /* [CP] Embed Pods Frameworks */ = {
			isa = PBXShellScriptBuildPhase;
			buildActionMask = 2147483647;
			files = (
			);
			inputFileListPaths = (
				"${PODS_ROOT}/Target Support Files/Pods-HomeWork/Pods-HomeWork-frameworks-${CONFIGURATION}-input-files.xcfilelist",
			);
			name = "[CP] Embed Pods Frameworks";
			outputFileListPaths = (
				"${PODS_ROOT}/Target Support Files/Pods-HomeWork/Pods-HomeWork-frameworks-${CONFIGURATION}-output-files.xcfilelist",
			);
			runOnlyForDeploymentPostprocessing = 0;
			shellPath = /bin/sh;
			shellScript = "\"${PODS_ROOT}/Target Support Files/Pods-HomeWork/Pods-HomeWork-frameworks.sh\"\n";
			showEnvVarsInLog = 0;
		};
		4E32092508EC8269DAB8BDF0 /* [CP] Embed Pods Frameworks */ = {
			isa = PBXShellScriptBuildPhase;
			buildActionMask = 2147483647;
			files = (
			);
			inputFileListPaths = (
				"${PODS_ROOT}/Target Support Files/Pods-HomeWork-HomeWorkUITests/Pods-HomeWork-HomeWorkUITests-frameworks-${CONFIGURATION}-input-files.xcfilelist",
			);
			name = "[CP] Embed Pods Frameworks";
			outputFileListPaths = (
				"${PODS_ROOT}/Target Support Files/Pods-HomeWork-HomeWorkUITests/Pods-HomeWork-HomeWorkUITests-frameworks-${CONFIGURATION}-output-files.xcfilelist",
			);
			runOnlyForDeploymentPostprocessing = 0;
			shellPath = /bin/sh;
			shellScript = "\"${PODS_ROOT}/Target Support Files/Pods-HomeWork-HomeWorkUITests/Pods-HomeWork-HomeWorkUITests-frameworks.sh\"\n";
			showEnvVarsInLog = 0;
		};
		C69EEFD31A06C471484CFF92 /* [CP] Check Pods Manifest.lock */ = {
			isa = PBXShellScriptBuildPhase;
			buildActionMask = 2147483647;
			files = (
			);
			inputFileListPaths = (
			);
			inputPaths = (
				"${PODS_PODFILE_DIR_PATH}/Podfile.lock",
				"${PODS_ROOT}/Manifest.lock",
			);
			name = "[CP] Check Pods Manifest.lock";
			outputFileListPaths = (
			);
			outputPaths = (
				"$(DERIVED_FILE_DIR)/Pods-HomeWork-checkManifestLockResult.txt",
			);
			runOnlyForDeploymentPostprocessing = 0;
			shellPath = /bin/sh;
			shellScript = "diff \"${PODS_PODFILE_DIR_PATH}/Podfile.lock\" \"${PODS_ROOT}/Manifest.lock\" > /dev/null\nif [ $? != 0 ] ; then\n    # print error to STDERR\n    echo \"error: The sandbox is not in sync with the Podfile.lock. Run 'pod install' or update your CocoaPods installation.\" >&2\n    exit 1\nfi\n# This output is used by Xcode 'outputs' to avoid re-running this script phase.\necho \"SUCCESS\" > \"${SCRIPT_OUTPUT_FILE_0}\"\n";
			showEnvVarsInLog = 0;
		};
		FF1F9825AB9C276F2E1A4C31 /* [CP] Check Pods Manifest.lock */ = {
			isa = PBXShellScriptBuildPhase;
			buildActionMask = 2147483647;
			files = (
			);
			inputFileListPaths = (
			);
			inputPaths = (
				"${PODS_PODFILE_DIR_PATH}/Podfile.lock",
				"${PODS_ROOT}/Manifest.lock",
			);
			name = "[CP] Check Pods Manifest.lock";
			outputFileListPaths = (
			);
			outputPaths = (
				"$(DERIVED_FILE_DIR)/Pods-HomeWork-HomeWorkUITests-checkManifestLockResult.txt",
			);
			runOnlyForDeploymentPostprocessing = 0;
			shellPath = /bin/sh;
			shellScript = "diff \"${PODS_PODFILE_DIR_PATH}/Podfile.lock\" \"${PODS_ROOT}/Manifest.lock\" > /dev/null\nif [ $? != 0 ] ; then\n    # print error to STDERR\n    echo \"error: The sandbox is not in sync with the Podfile.lock. Run 'pod install' or update your CocoaPods installation.\" >&2\n    exit 1\nfi\n# This output is used by Xcode 'outputs' to avoid re-running this script phase.\necho \"SUCCESS\" > \"${SCRIPT_OUTPUT_FILE_0}\"\n";
			showEnvVarsInLog = 0;
		};
/* End PBXShellScriptBuildPhase section */

/* Begin PBXSourcesBuildPhase section */
		686D2705296E06AC000F6718 /* Sources */ = {
			isa = PBXSourcesBuildPhase;
			buildActionMask = 2147483647;
			files = (
				686D2711296E06AC000F6718 /* FirstTask.swift in Sources */,
				683350F82ABCAC2700A2DD96 /* UserViewController.swift in Sources */,
				68B104232A274D4F0007A2FB /* BlockUIView.swift in Sources */,
				683350E42AA883F000A2DD96 /* JsonViewController.swift in Sources */,
				6872CFEC2A574E2D00DCC945 /* InstaViewController.swift in Sources */,
				683350F12AA8B7B400A2DD96 /* FilmTableViewCell.swift in Sources */,
				682D3BAB2A16BC8C00076801 /* FiveLittleBallController.swift in Sources */,
				683350ED2AA8AF0700A2DD96 /* FilmData.swift in Sources */,
				6872CFF22A59B48D00DCC945 /* UsersTableViewCell.swift in Sources */,
				682D3BA62A16A8DF00076801 /* FourthCircleController.swift in Sources */,
				68B1041B2A228A970007A2FB /* MonoViewController.swift in Sources */,
				68B104212A229F190007A2FB /* ExtensionView.swift in Sources */,
				682D3BA92A16BC6900076801 /* FiveBallController.swift in Sources */,
				682D3BA22A16A8AE00076801 /* SecondCircleController.swift in Sources */,
				683350EC2AA8AF0700A2DD96 /* Results.swift in Sources */,
				686D270D296E06AC000F6718 /* AppDelegate.swift in Sources */,
				683350E92AA8A37F00A2DD96 /* FilmViewController.swift in Sources */,
				68B1041D2A228B130007A2FB /* CoursesUIView.swift in Sources */,
				682D3BA02A16A89400076801 /* MainCircleController.swift in Sources */,
				689C36E52A55C56D00C34341 /* TableViewController.swift in Sources */,
				680E6D8F29E3466800577749 /* ThirdViewController.swift in Sources */,
				683350FA2ABCB18900A2DD96 /* SettingsUsers.swift in Sources */,
				6872CFEE2A574F6200DCC945 /* PostModel.swift in Sources */,
				689C36E72A55CC6600C34341 /* InfoTableViewController.swift in Sources */,
				683350F42AA8D1A900A2DD96 /* FotoViewController.swift in Sources */,
				686D277A29A3F8DB000F6718 /* SecondTask.swift in Sources */,
				686D270F296E06AC000F6718 /* SceneDelegate.swift in Sources */,
				682D3BA42A16A8C100076801 /* ThirdCircleController.swift in Sources */,
			);
			runOnlyForDeploymentPostprocessing = 0;
		};
		686D271B296E06AE000F6718 /* Sources */ = {
			isa = PBXSourcesBuildPhase;
			buildActionMask = 2147483647;
			files = (
				686D2724296E06AE000F6718 /* HomeWorkTests.swift in Sources */,
			);
			runOnlyForDeploymentPostprocessing = 0;
		};
		686D2725296E06AE000F6718 /* Sources */ = {
			isa = PBXSourcesBuildPhase;
			buildActionMask = 2147483647;
			files = (
				686D2730296E06AE000F6718 /* HomeWorkUITestsLaunchTests.swift in Sources */,
				686D272E296E06AE000F6718 /* HomeWorkUITests.swift in Sources */,
			);
			runOnlyForDeploymentPostprocessing = 0;
		};
/* End PBXSourcesBuildPhase section */

/* Begin PBXTargetDependency section */
		686D2721296E06AE000F6718 /* PBXTargetDependency */ = {
			isa = PBXTargetDependency;
			target = 686D2708296E06AC000F6718 /* HomeWork */;
			targetProxy = 686D2720296E06AE000F6718 /* PBXContainerItemProxy */;
		};
		686D272B296E06AE000F6718 /* PBXTargetDependency */ = {
			isa = PBXTargetDependency;
			target = 686D2708296E06AC000F6718 /* HomeWork */;
			targetProxy = 686D272A296E06AE000F6718 /* PBXContainerItemProxy */;
		};
/* End PBXTargetDependency section */

/* Begin PBXVariantGroup section */
		686D2712296E06AC000F6718 /* Main.storyboard */ = {
			isa = PBXVariantGroup;
			children = (
				686D2713296E06AC000F6718 /* Base */,
			);
			name = Main.storyboard;
			sourceTree = "<group>";
		};
		686D2717296E06AE000F6718 /* LaunchScreen.storyboard */ = {
			isa = PBXVariantGroup;
			children = (
				686D2718296E06AE000F6718 /* Base */,
			);
			name = LaunchScreen.storyboard;
			sourceTree = "<group>";
		};
/* End PBXVariantGroup section */

/* Begin XCBuildConfiguration section */
		686D2731296E06AE000F6718 /* Debug */ = {
			isa = XCBuildConfiguration;
			buildSettings = {
				ALWAYS_SEARCH_USER_PATHS = NO;
				CLANG_ANALYZER_NONNULL = YES;
				CLANG_ANALYZER_NUMBER_OBJECT_CONVERSION = YES_AGGRESSIVE;
				CLANG_CXX_LANGUAGE_STANDARD = "gnu++17";
				CLANG_ENABLE_MODULES = YES;
				CLANG_ENABLE_OBJC_ARC = YES;
				CLANG_ENABLE_OBJC_WEAK = YES;
				CLANG_WARN_BLOCK_CAPTURE_AUTORELEASING = YES;
				CLANG_WARN_BOOL_CONVERSION = YES;
				CLANG_WARN_COMMA = YES;
				CLANG_WARN_CONSTANT_CONVERSION = YES;
				CLANG_WARN_DEPRECATED_OBJC_IMPLEMENTATIONS = YES;
				CLANG_WARN_DIRECT_OBJC_ISA_USAGE = YES_ERROR;
				CLANG_WARN_DOCUMENTATION_COMMENTS = YES;
				CLANG_WARN_EMPTY_BODY = YES;
				CLANG_WARN_ENUM_CONVERSION = YES;
				CLANG_WARN_INFINITE_RECURSION = YES;
				CLANG_WARN_INT_CONVERSION = YES;
				CLANG_WARN_NON_LITERAL_NULL_CONVERSION = YES;
				CLANG_WARN_OBJC_IMPLICIT_RETAIN_SELF = YES;
				CLANG_WARN_OBJC_LITERAL_CONVERSION = YES;
				CLANG_WARN_OBJC_ROOT_CLASS = YES_ERROR;
				CLANG_WARN_QUOTED_INCLUDE_IN_FRAMEWORK_HEADER = YES;
				CLANG_WARN_RANGE_LOOP_ANALYSIS = YES;
				CLANG_WARN_STRICT_PROTOTYPES = YES;
				CLANG_WARN_SUSPICIOUS_MOVE = YES;
				CLANG_WARN_UNGUARDED_AVAILABILITY = YES_AGGRESSIVE;
				CLANG_WARN_UNREACHABLE_CODE = YES;
				CLANG_WARN__DUPLICATE_METHOD_MATCH = YES;
				COPY_PHASE_STRIP = NO;
				DEBUG_INFORMATION_FORMAT = dwarf;
				ENABLE_STRICT_OBJC_MSGSEND = YES;
				ENABLE_TESTABILITY = YES;
				GCC_C_LANGUAGE_STANDARD = gnu11;
				GCC_DYNAMIC_NO_PIC = NO;
				GCC_NO_COMMON_BLOCKS = YES;
				GCC_OPTIMIZATION_LEVEL = 0;
				GCC_PREPROCESSOR_DEFINITIONS = (
					"DEBUG=1",
					"$(inherited)",
				);
				GCC_WARN_64_TO_32_BIT_CONVERSION = YES;
				GCC_WARN_ABOUT_RETURN_TYPE = YES_ERROR;
				GCC_WARN_UNDECLARED_SELECTOR = YES;
				GCC_WARN_UNINITIALIZED_AUTOS = YES_AGGRESSIVE;
				GCC_WARN_UNUSED_FUNCTION = YES;
				GCC_WARN_UNUSED_VARIABLE = YES;
				IPHONEOS_DEPLOYMENT_TARGET = 15.5;
				MTL_ENABLE_DEBUG_INFO = INCLUDE_SOURCE;
				MTL_FAST_MATH = YES;
				ONLY_ACTIVE_ARCH = YES;
				SDKROOT = iphoneos;
				SWIFT_ACTIVE_COMPILATION_CONDITIONS = DEBUG;
				SWIFT_OPTIMIZATION_LEVEL = "-Onone";
			};
			name = Debug;
		};
		686D2732296E06AE000F6718 /* Release */ = {
			isa = XCBuildConfiguration;
			buildSettings = {
				ALWAYS_SEARCH_USER_PATHS = NO;
				CLANG_ANALYZER_NONNULL = YES;
				CLANG_ANALYZER_NUMBER_OBJECT_CONVERSION = YES_AGGRESSIVE;
				CLANG_CXX_LANGUAGE_STANDARD = "gnu++17";
				CLANG_ENABLE_MODULES = YES;
				CLANG_ENABLE_OBJC_ARC = YES;
				CLANG_ENABLE_OBJC_WEAK = YES;
				CLANG_WARN_BLOCK_CAPTURE_AUTORELEASING = YES;
				CLANG_WARN_BOOL_CONVERSION = YES;
				CLANG_WARN_COMMA = YES;
				CLANG_WARN_CONSTANT_CONVERSION = YES;
				CLANG_WARN_DEPRECATED_OBJC_IMPLEMENTATIONS = YES;
				CLANG_WARN_DIRECT_OBJC_ISA_USAGE = YES_ERROR;
				CLANG_WARN_DOCUMENTATION_COMMENTS = YES;
				CLANG_WARN_EMPTY_BODY = YES;
				CLANG_WARN_ENUM_CONVERSION = YES;
				CLANG_WARN_INFINITE_RECURSION = YES;
				CLANG_WARN_INT_CONVERSION = YES;
				CLANG_WARN_NON_LITERAL_NULL_CONVERSION = YES;
				CLANG_WARN_OBJC_IMPLICIT_RETAIN_SELF = YES;
				CLANG_WARN_OBJC_LITERAL_CONVERSION = YES;
				CLANG_WARN_OBJC_ROOT_CLASS = YES_ERROR;
				CLANG_WARN_QUOTED_INCLUDE_IN_FRAMEWORK_HEADER = YES;
				CLANG_WARN_RANGE_LOOP_ANALYSIS = YES;
				CLANG_WARN_STRICT_PROTOTYPES = YES;
				CLANG_WARN_SUSPICIOUS_MOVE = YES;
				CLANG_WARN_UNGUARDED_AVAILABILITY = YES_AGGRESSIVE;
				CLANG_WARN_UNREACHABLE_CODE = YES;
				CLANG_WARN__DUPLICATE_METHOD_MATCH = YES;
				COPY_PHASE_STRIP = NO;
				DEBUG_INFORMATION_FORMAT = "dwarf-with-dsym";
				ENABLE_NS_ASSERTIONS = NO;
				ENABLE_STRICT_OBJC_MSGSEND = YES;
				GCC_C_LANGUAGE_STANDARD = gnu11;
				GCC_NO_COMMON_BLOCKS = YES;
				GCC_WARN_64_TO_32_BIT_CONVERSION = YES;
				GCC_WARN_ABOUT_RETURN_TYPE = YES_ERROR;
				GCC_WARN_UNDECLARED_SELECTOR = YES;
				GCC_WARN_UNINITIALIZED_AUTOS = YES_AGGRESSIVE;
				GCC_WARN_UNUSED_FUNCTION = YES;
				GCC_WARN_UNUSED_VARIABLE = YES;
				IPHONEOS_DEPLOYMENT_TARGET = 15.5;
				MTL_ENABLE_DEBUG_INFO = NO;
				MTL_FAST_MATH = YES;
				SDKROOT = iphoneos;
				SWIFT_COMPILATION_MODE = wholemodule;
				SWIFT_OPTIMIZATION_LEVEL = "-O";
				VALIDATE_PRODUCT = YES;
			};
			name = Release;
		};
		686D2734296E06AE000F6718 /* Debug */ = {
			isa = XCBuildConfiguration;
			baseConfigurationReference = 922A6BC29B4D74C9B4FC8697 /* Pods-HomeWork.debug.xcconfig */;
			buildSettings = {
				ASSETCATALOG_COMPILER_APPICON_NAME = AppIcon;
				ASSETCATALOG_COMPILER_GLOBAL_ACCENT_COLOR_NAME = AccentColor;
				CODE_SIGN_STYLE = Automatic;
				CURRENT_PROJECT_VERSION = 1;
				DEVELOPMENT_TEAM = Q6GV8W7SV8;
				GENERATE_INFOPLIST_FILE = YES;
				INFOPLIST_FILE = HomeWork/Info.plist;
				INFOPLIST_KEY_UIApplicationSupportsIndirectInputEvents = YES;
				INFOPLIST_KEY_UILaunchStoryboardName = LaunchScreen;
				INFOPLIST_KEY_UIMainStoryboardFile = Main;
				INFOPLIST_KEY_UISupportedInterfaceOrientations_iPad = "UIInterfaceOrientationPortrait UIInterfaceOrientationPortraitUpsideDown UIInterfaceOrientationLandscapeLeft UIInterfaceOrientationLandscapeRight";
				INFOPLIST_KEY_UISupportedInterfaceOrientations_iPhone = "UIInterfaceOrientationPortrait UIInterfaceOrientationLandscapeLeft UIInterfaceOrientationLandscapeRight";
				LD_RUNPATH_SEARCH_PATHS = (
					"$(inherited)",
					"@executable_path/Frameworks",
				);
				MARKETING_VERSION = 1.0;
				PRODUCT_BUNDLE_IDENTIFIER = HomeWork.HomeWork;
				PRODUCT_NAME = "$(TARGET_NAME)";
				SWIFT_EMIT_LOC_STRINGS = YES;
				SWIFT_VERSION = 5.0;
				TARGETED_DEVICE_FAMILY = "1,2";
			};
			name = Debug;
		};
		686D2735296E06AE000F6718 /* Release */ = {
			isa = XCBuildConfiguration;
			baseConfigurationReference = F2B73D26107E5BB39EC574C5 /* Pods-HomeWork.release.xcconfig */;
			buildSettings = {
				ASSETCATALOG_COMPILER_APPICON_NAME = AppIcon;
				ASSETCATALOG_COMPILER_GLOBAL_ACCENT_COLOR_NAME = AccentColor;
				CODE_SIGN_STYLE = Automatic;
				CURRENT_PROJECT_VERSION = 1;
				DEVELOPMENT_TEAM = Q6GV8W7SV8;
				GENERATE_INFOPLIST_FILE = YES;
				INFOPLIST_FILE = HomeWork/Info.plist;
				INFOPLIST_KEY_UIApplicationSupportsIndirectInputEvents = YES;
				INFOPLIST_KEY_UILaunchStoryboardName = LaunchScreen;
				INFOPLIST_KEY_UIMainStoryboardFile = Main;
				INFOPLIST_KEY_UISupportedInterfaceOrientations_iPad = "UIInterfaceOrientationPortrait UIInterfaceOrientationPortraitUpsideDown UIInterfaceOrientationLandscapeLeft UIInterfaceOrientationLandscapeRight";
				INFOPLIST_KEY_UISupportedInterfaceOrientations_iPhone = "UIInterfaceOrientationPortrait UIInterfaceOrientationLandscapeLeft UIInterfaceOrientationLandscapeRight";
				LD_RUNPATH_SEARCH_PATHS = (
					"$(inherited)",
					"@executable_path/Frameworks",
				);
				MARKETING_VERSION = 1.0;
				PRODUCT_BUNDLE_IDENTIFIER = HomeWork.HomeWork;
				PRODUCT_NAME = "$(TARGET_NAME)";
				SWIFT_EMIT_LOC_STRINGS = YES;
				SWIFT_VERSION = 5.0;
				TARGETED_DEVICE_FAMILY = "1,2";
			};
			name = Release;
		};
		686D2737296E06AE000F6718 /* Debug */ = {
			isa = XCBuildConfiguration;
			baseConfigurationReference = 95E9C8DD70EC932F31862EB2 /* Pods-HomeWorkTests.debug.xcconfig */;
			buildSettings = {
				ALWAYS_EMBED_SWIFT_STANDARD_LIBRARIES = YES;
				BUNDLE_LOADER = "$(TEST_HOST)";
				CODE_SIGN_STYLE = Automatic;
				CURRENT_PROJECT_VERSION = 1;
				DEVELOPMENT_TEAM = Q6GV8W7SV8;
				GENERATE_INFOPLIST_FILE = YES;
				IPHONEOS_DEPLOYMENT_TARGET = 15.5;
				MARKETING_VERSION = 1.0;
				PRODUCT_BUNDLE_IDENTIFIER = HomeWork.HomeWorkTests;
				PRODUCT_NAME = "$(TARGET_NAME)";
				SWIFT_EMIT_LOC_STRINGS = NO;
				SWIFT_VERSION = 5.0;
				TARGETED_DEVICE_FAMILY = "1,2";
				TEST_HOST = "$(BUILT_PRODUCTS_DIR)/HomeWork.app/HomeWork";
			};
			name = Debug;
		};
		686D2738296E06AE000F6718 /* Release */ = {
			isa = XCBuildConfiguration;
			baseConfigurationReference = B6DECCF3A480FB1F1CB339E8 /* Pods-HomeWorkTests.release.xcconfig */;
			buildSettings = {
				ALWAYS_EMBED_SWIFT_STANDARD_LIBRARIES = YES;
				BUNDLE_LOADER = "$(TEST_HOST)";
				CODE_SIGN_STYLE = Automatic;
				CURRENT_PROJECT_VERSION = 1;
				DEVELOPMENT_TEAM = Q6GV8W7SV8;
				GENERATE_INFOPLIST_FILE = YES;
				IPHONEOS_DEPLOYMENT_TARGET = 15.5;
				MARKETING_VERSION = 1.0;
				PRODUCT_BUNDLE_IDENTIFIER = HomeWork.HomeWorkTests;
				PRODUCT_NAME = "$(TARGET_NAME)";
				SWIFT_EMIT_LOC_STRINGS = NO;
				SWIFT_VERSION = 5.0;
				TARGETED_DEVICE_FAMILY = "1,2";
				TEST_HOST = "$(BUILT_PRODUCTS_DIR)/HomeWork.app/HomeWork";
			};
			name = Release;
		};
		686D273A296E06AE000F6718 /* Debug */ = {
			isa = XCBuildConfiguration;
			baseConfigurationReference = F9529EA61306C296B7EFC47C /* Pods-HomeWork-HomeWorkUITests.debug.xcconfig */;
			buildSettings = {
				ALWAYS_EMBED_SWIFT_STANDARD_LIBRARIES = YES;
				CODE_SIGN_STYLE = Automatic;
				CURRENT_PROJECT_VERSION = 1;
				DEVELOPMENT_TEAM = Q6GV8W7SV8;
				GENERATE_INFOPLIST_FILE = YES;
				MARKETING_VERSION = 1.0;
				PRODUCT_BUNDLE_IDENTIFIER = HomeWork.HomeWorkUITests;
				PRODUCT_NAME = "$(TARGET_NAME)";
				SWIFT_EMIT_LOC_STRINGS = NO;
				SWIFT_VERSION = 5.0;
				TARGETED_DEVICE_FAMILY = "1,2";
				TEST_TARGET_NAME = HomeWork;
			};
			name = Debug;
		};
		686D273B296E06AE000F6718 /* Release */ = {
			isa = XCBuildConfiguration;
			baseConfigurationReference = 84E6ADE7A99C3B50B78D1CA4 /* Pods-HomeWork-HomeWorkUITests.release.xcconfig */;
			buildSettings = {
				ALWAYS_EMBED_SWIFT_STANDARD_LIBRARIES = YES;
				CODE_SIGN_STYLE = Automatic;
				CURRENT_PROJECT_VERSION = 1;
				DEVELOPMENT_TEAM = Q6GV8W7SV8;
				GENERATE_INFOPLIST_FILE = YES;
				MARKETING_VERSION = 1.0;
				PRODUCT_BUNDLE_IDENTIFIER = HomeWork.HomeWorkUITests;
				PRODUCT_NAME = "$(TARGET_NAME)";
				SWIFT_EMIT_LOC_STRINGS = NO;
				SWIFT_VERSION = 5.0;
				TARGETED_DEVICE_FAMILY = "1,2";
				TEST_TARGET_NAME = HomeWork;
			};
			name = Release;
		};
/* End XCBuildConfiguration section */

/* Begin XCConfigurationList section */
		686D2704296E06AC000F6718 /* Build configuration list for PBXProject "HomeWork" */ = {
			isa = XCConfigurationList;
			buildConfigurations = (
				686D2731296E06AE000F6718 /* Debug */,
				686D2732296E06AE000F6718 /* Release */,
			);
			defaultConfigurationIsVisible = 0;
			defaultConfigurationName = Release;
		};
		686D2733296E06AE000F6718 /* Build configuration list for PBXNativeTarget "HomeWork" */ = {
			isa = XCConfigurationList;
			buildConfigurations = (
				686D2734296E06AE000F6718 /* Debug */,
				686D2735296E06AE000F6718 /* Release */,
			);
			defaultConfigurationIsVisible = 0;
			defaultConfigurationName = Release;
		};
		686D2736296E06AE000F6718 /* Build configuration list for PBXNativeTarget "HomeWorkTests" */ = {
			isa = XCConfigurationList;
			buildConfigurations = (
				686D2737296E06AE000F6718 /* Debug */,
				686D2738296E06AE000F6718 /* Release */,
			);
			defaultConfigurationIsVisible = 0;
			defaultConfigurationName = Release;
		};
		686D2739296E06AE000F6718 /* Build configuration list for PBXNativeTarget "HomeWorkUITests" */ = {
			isa = XCConfigurationList;
			buildConfigurations = (
				686D273A296E06AE000F6718 /* Debug */,
				686D273B296E06AE000F6718 /* Release */,
			);
			defaultConfigurationIsVisible = 0;
			defaultConfigurationName = Release;
		};
/* End XCConfigurationList section */
	};
	rootObject = 686D2701296E06AC000F6718 /* Project object */;
}
